// !$*UTF8*$!
{
	archiveVersion = 1;
	classes = {
	};
	objectVersion = 50;
	objects = {

/* Begin PBXBuildFile section */
		FEC960622550662D00ED8758 /* AppDelegate.swift in Sources */ = {isa = PBXBuildFile; fileRef = FEC960612550662D00ED8758 /* AppDelegate.swift */; };
		FEC960642550662D00ED8758 /* SceneDelegate.swift in Sources */ = {isa = PBXBuildFile; fileRef = FEC960632550662D00ED8758 /* SceneDelegate.swift */; };
		FEC960662550662D00ED8758 /* WeatherHomeViewController.swift in Sources */ = {isa = PBXBuildFile; fileRef = FEC960652550662D00ED8758 /* WeatherHomeViewController.swift */; };
		FEC960692550662D00ED8758 /* Main.storyboard in Resources */ = {isa = PBXBuildFile; fileRef = FEC960672550662D00ED8758 /* Main.storyboard */; };
		FEC9606B2550663000ED8758 /* Assets.xcassets in Resources */ = {isa = PBXBuildFile; fileRef = FEC9606A2550663000ED8758 /* Assets.xcassets */; };
		FEC9606E2550663000ED8758 /* LaunchScreen.storyboard in Resources */ = {isa = PBXBuildFile; fileRef = FEC9606C2550663000ED8758 /* LaunchScreen.storyboard */; };
		FEC960792550663000ED8758 /* kWeatherTests.swift in Sources */ = {isa = PBXBuildFile; fileRef = FEC960782550663000ED8758 /* kWeatherTests.swift */; };
		FEC96088255066CE00ED8758 /* LocationService.swift in Sources */ = {isa = PBXBuildFile; fileRef = FEC96087255066CE00ED8758 /* LocationService.swift */; };
		FEC9608A255066DB00ED8758 /* WeatherService.swift in Sources */ = {isa = PBXBuildFile; fileRef = FEC96089255066DB00ED8758 /* WeatherService.swift */; };
		FEC9608C2550670900ED8758 /* CoreLocationService.swift in Sources */ = {isa = PBXBuildFile; fileRef = FEC9608B2550670900ED8758 /* CoreLocationService.swift */; };
		FEC9608E2550671A00ED8758 /* DarkSkyWeatherService.swift in Sources */ = {isa = PBXBuildFile; fileRef = FEC9608D2550671A00ED8758 /* DarkSkyWeatherService.swift */; };
		FEC960912550674200ED8758 /* NetworkLibrary.swift in Sources */ = {isa = PBXBuildFile; fileRef = FEC960902550674200ED8758 /* NetworkLibrary.swift */; };
		FEC960952550679000ED8758 /* Endpoint.swift in Sources */ = {isa = PBXBuildFile; fileRef = FEC960942550679000ED8758 /* Endpoint.swift */; };
		FEC96097255067A600ED8758 /* DarkSkyEndpoint.swift in Sources */ = {isa = PBXBuildFile; fileRef = FEC96096255067A600ED8758 /* DarkSkyEndpoint.swift */; };
		FEC9609A255067D600ED8758 /* WeatherForecast.swift in Sources */ = {isa = PBXBuildFile; fileRef = FEC96099255067D600ED8758 /* WeatherForecast.swift */; };
		FEC9609C255067F300ED8758 /* CurrentForecast.swift in Sources */ = {isa = PBXBuildFile; fileRef = FEC9609B255067F300ED8758 /* CurrentForecast.swift */; };
		FEC960A72550697000ED8758 /* MockWeatherService.swift in Sources */ = {isa = PBXBuildFile; fileRef = FEC960A62550697000ED8758 /* MockWeatherService.swift */; };
		FEC960A9255069BF00ED8758 /* DarkSkyResponse.json in Resources */ = {isa = PBXBuildFile; fileRef = FEC960A8255069BF00ED8758 /* DarkSkyResponse.json */; };
		FEC960AA255069FC00ED8758 /* WeatherService.swift in Sources */ = {isa = PBXBuildFile; fileRef = FEC96089255066DB00ED8758 /* WeatherService.swift */; };
		FEC960AB25506A4800ED8758 /* WeatherForecast.swift in Sources */ = {isa = PBXBuildFile; fileRef = FEC96099255067D600ED8758 /* WeatherForecast.swift */; };
		FEC960AC25506A4800ED8758 /* CurrentForecast.swift in Sources */ = {isa = PBXBuildFile; fileRef = FEC9609B255067F300ED8758 /* CurrentForecast.swift */; };
		FEC960AE255075B200ED8758 /* WeatherHomePresenterToViewProtocol.swift in Sources */ = {isa = PBXBuildFile; fileRef = FEC960AD255075B200ED8758 /* WeatherHomePresenterToViewProtocol.swift */; };
		FEC960B0255075C200ED8758 /* WeatherHomeViewToPresenterProtocol.swift in Sources */ = {isa = PBXBuildFile; fileRef = FEC960AF255075C200ED8758 /* WeatherHomeViewToPresenterProtocol.swift */; };
		FEC960B2255075CF00ED8758 /* WeatherHomePresenterToRouterProtocol.swift in Sources */ = {isa = PBXBuildFile; fileRef = FEC960B1255075CF00ED8758 /* WeatherHomePresenterToRouterProtocol.swift */; };
		FEC960B4255075DC00ED8758 /* WeatherHomePresenterToInteractorProtocol.swift in Sources */ = {isa = PBXBuildFile; fileRef = FEC960B3255075DC00ED8758 /* WeatherHomePresenterToInteractorProtocol.swift */; };
		FEC960B6255075EA00ED8758 /* WeatherHomeInteractorToPresenterProtocol.swift in Sources */ = {isa = PBXBuildFile; fileRef = FEC960B5255075EA00ED8758 /* WeatherHomeInteractorToPresenterProtocol.swift */; };
		FEC960B8255075F600ED8758 /* WeatherHomeConfigurable.swift in Sources */ = {isa = PBXBuildFile; fileRef = FEC960B7255075F600ED8758 /* WeatherHomeConfigurable.swift */; };
		FEC960BA2550769600ED8758 /* WeatherHomePresenter.swift in Sources */ = {isa = PBXBuildFile; fileRef = FEC960B92550769600ED8758 /* WeatherHomePresenter.swift */; };
		FEC960BC255076AA00ED8758 /* WeatherHomeInteractor.swift in Sources */ = {isa = PBXBuildFile; fileRef = FEC960BB255076AA00ED8758 /* WeatherHomeInteractor.swift */; };
		FEC960BE255076B800ED8758 /* WeatherHomeRouter.swift in Sources */ = {isa = PBXBuildFile; fileRef = FEC960BD255076B800ED8758 /* WeatherHomeRouter.swift */; };
		FEC960C0255076C700ED8758 /* WeatherHomeConfigurator.swift in Sources */ = {isa = PBXBuildFile; fileRef = FEC960BF255076C700ED8758 /* WeatherHomeConfigurator.swift */; };
/* End PBXBuildFile section */

/* Begin PBXContainerItemProxy section */
		FEC960752550663000ED8758 /* PBXContainerItemProxy */ = {
			isa = PBXContainerItemProxy;
			containerPortal = FEC960562550662D00ED8758 /* Project object */;
			proxyType = 1;
			remoteGlobalIDString = FEC9605D2550662D00ED8758;
			remoteInfo = kWeather;
		};
/* End PBXContainerItemProxy section */

/* Begin PBXFileReference section */
		FEC9605E2550662D00ED8758 /* kWeather.app */ = {isa = PBXFileReference; explicitFileType = wrapper.application; includeInIndex = 0; path = kWeather.app; sourceTree = BUILT_PRODUCTS_DIR; };
		FEC960612550662D00ED8758 /* AppDelegate.swift */ = {isa = PBXFileReference; lastKnownFileType = sourcecode.swift; path = AppDelegate.swift; sourceTree = "<group>"; };
		FEC960632550662D00ED8758 /* SceneDelegate.swift */ = {isa = PBXFileReference; lastKnownFileType = sourcecode.swift; path = SceneDelegate.swift; sourceTree = "<group>"; };
		FEC960652550662D00ED8758 /* WeatherHomeViewController.swift */ = {isa = PBXFileReference; lastKnownFileType = sourcecode.swift; path = WeatherHomeViewController.swift; sourceTree = "<group>"; };
		FEC960682550662D00ED8758 /* Base */ = {isa = PBXFileReference; lastKnownFileType = file.storyboard; name = Base; path = Base.lproj/Main.storyboard; sourceTree = "<group>"; };
		FEC9606A2550663000ED8758 /* Assets.xcassets */ = {isa = PBXFileReference; lastKnownFileType = folder.assetcatalog; path = Assets.xcassets; sourceTree = "<group>"; };
		FEC9606D2550663000ED8758 /* Base */ = {isa = PBXFileReference; lastKnownFileType = file.storyboard; name = Base; path = Base.lproj/LaunchScreen.storyboard; sourceTree = "<group>"; };
		FEC9606F2550663000ED8758 /* Info.plist */ = {isa = PBXFileReference; lastKnownFileType = text.plist.xml; path = Info.plist; sourceTree = "<group>"; };
		FEC960742550663000ED8758 /* kWeatherTests.xctest */ = {isa = PBXFileReference; explicitFileType = wrapper.cfbundle; includeInIndex = 0; path = kWeatherTests.xctest; sourceTree = BUILT_PRODUCTS_DIR; };
		FEC960782550663000ED8758 /* kWeatherTests.swift */ = {isa = PBXFileReference; lastKnownFileType = sourcecode.swift; path = kWeatherTests.swift; sourceTree = "<group>"; };
		FEC9607A2550663000ED8758 /* Info.plist */ = {isa = PBXFileReference; lastKnownFileType = text.plist.xml; path = Info.plist; sourceTree = "<group>"; };
		FEC96087255066CE00ED8758 /* LocationService.swift */ = {isa = PBXFileReference; lastKnownFileType = sourcecode.swift; path = LocationService.swift; sourceTree = "<group>"; };
		FEC96089255066DB00ED8758 /* WeatherService.swift */ = {isa = PBXFileReference; lastKnownFileType = sourcecode.swift; path = WeatherService.swift; sourceTree = "<group>"; };
		FEC9608B2550670900ED8758 /* CoreLocationService.swift */ = {isa = PBXFileReference; lastKnownFileType = sourcecode.swift; path = CoreLocationService.swift; sourceTree = "<group>"; };
		FEC9608D2550671A00ED8758 /* DarkSkyWeatherService.swift */ = {isa = PBXFileReference; lastKnownFileType = sourcecode.swift; path = DarkSkyWeatherService.swift; sourceTree = "<group>"; };
		FEC960902550674200ED8758 /* NetworkLibrary.swift */ = {isa = PBXFileReference; lastKnownFileType = sourcecode.swift; path = NetworkLibrary.swift; sourceTree = "<group>"; };
		FEC960942550679000ED8758 /* Endpoint.swift */ = {isa = PBXFileReference; lastKnownFileType = sourcecode.swift; path = Endpoint.swift; sourceTree = "<group>"; };
		FEC96096255067A600ED8758 /* DarkSkyEndpoint.swift */ = {isa = PBXFileReference; lastKnownFileType = sourcecode.swift; path = DarkSkyEndpoint.swift; sourceTree = "<group>"; };
		FEC96099255067D600ED8758 /* WeatherForecast.swift */ = {isa = PBXFileReference; lastKnownFileType = sourcecode.swift; path = WeatherForecast.swift; sourceTree = "<group>"; };
		FEC9609B255067F300ED8758 /* CurrentForecast.swift */ = {isa = PBXFileReference; lastKnownFileType = sourcecode.swift; path = CurrentForecast.swift; sourceTree = "<group>"; };
		FEC960A62550697000ED8758 /* MockWeatherService.swift */ = {isa = PBXFileReference; lastKnownFileType = sourcecode.swift; path = MockWeatherService.swift; sourceTree = "<group>"; };
		FEC960A8255069BF00ED8758 /* DarkSkyResponse.json */ = {isa = PBXFileReference; fileEncoding = 4; lastKnownFileType = text.json; name = DarkSkyResponse.json; path = ../../../../DarkSkyResponse.json; sourceTree = "<group>"; };
		FEC960AD255075B200ED8758 /* WeatherHomePresenterToViewProtocol.swift */ = {isa = PBXFileReference; lastKnownFileType = sourcecode.swift; path = WeatherHomePresenterToViewProtocol.swift; sourceTree = "<group>"; };
		FEC960AF255075C200ED8758 /* WeatherHomeViewToPresenterProtocol.swift */ = {isa = PBXFileReference; lastKnownFileType = sourcecode.swift; path = WeatherHomeViewToPresenterProtocol.swift; sourceTree = "<group>"; };
		FEC960B1255075CF00ED8758 /* WeatherHomePresenterToRouterProtocol.swift */ = {isa = PBXFileReference; lastKnownFileType = sourcecode.swift; path = WeatherHomePresenterToRouterProtocol.swift; sourceTree = "<group>"; };
		FEC960B3255075DC00ED8758 /* WeatherHomePresenterToInteractorProtocol.swift */ = {isa = PBXFileReference; lastKnownFileType = sourcecode.swift; path = WeatherHomePresenterToInteractorProtocol.swift; sourceTree = "<group>"; };
		FEC960B5255075EA00ED8758 /* WeatherHomeInteractorToPresenterProtocol.swift */ = {isa = PBXFileReference; lastKnownFileType = sourcecode.swift; path = WeatherHomeInteractorToPresenterProtocol.swift; sourceTree = "<group>"; };
		FEC960B7255075F600ED8758 /* WeatherHomeConfigurable.swift */ = {isa = PBXFileReference; lastKnownFileType = sourcecode.swift; path = WeatherHomeConfigurable.swift; sourceTree = "<group>"; };
		FEC960B92550769600ED8758 /* WeatherHomePresenter.swift */ = {isa = PBXFileReference; lastKnownFileType = sourcecode.swift; path = WeatherHomePresenter.swift; sourceTree = "<group>"; };
		FEC960BB255076AA00ED8758 /* WeatherHomeInteractor.swift */ = {isa = PBXFileReference; lastKnownFileType = sourcecode.swift; path = WeatherHomeInteractor.swift; sourceTree = "<group>"; };
		FEC960BD255076B800ED8758 /* WeatherHomeRouter.swift */ = {isa = PBXFileReference; lastKnownFileType = sourcecode.swift; path = WeatherHomeRouter.swift; sourceTree = "<group>"; };
		FEC960BF255076C700ED8758 /* WeatherHomeConfigurator.swift */ = {isa = PBXFileReference; lastKnownFileType = sourcecode.swift; path = WeatherHomeConfigurator.swift; sourceTree = "<group>"; };
/* End PBXFileReference section */

/* Begin PBXFrameworksBuildPhase section */
		FEC9605B2550662D00ED8758 /* Frameworks */ = {
			isa = PBXFrameworksBuildPhase;
			buildActionMask = 2147483647;
			files = (
			);
			runOnlyForDeploymentPostprocessing = 0;
		};
		FEC960712550663000ED8758 /* Frameworks */ = {
			isa = PBXFrameworksBuildPhase;
			buildActionMask = 2147483647;
			files = (
			);
			runOnlyForDeploymentPostprocessing = 0;
		};
/* End PBXFrameworksBuildPhase section */

/* Begin PBXGroup section */
		FEC960552550662D00ED8758 = {
			isa = PBXGroup;
			children = (
				FEC960602550662D00ED8758 /* kWeather */,
				FEC960772550663000ED8758 /* kWeatherTests */,
				FEC9605F2550662D00ED8758 /* Products */,
			);
			sourceTree = "<group>";
		};
		FEC9605F2550662D00ED8758 /* Products */ = {
			isa = PBXGroup;
			children = (
				FEC9605E2550662D00ED8758 /* kWeather.app */,
				FEC960742550663000ED8758 /* kWeatherTests.xctest */,
			);
			name = Products;
			sourceTree = "<group>";
		};
		FEC960602550662D00ED8758 /* kWeather */ = {
			isa = PBXGroup;
			children = (
				FEC960612550662D00ED8758 /* AppDelegate.swift */,
				FEC960632550662D00ED8758 /* SceneDelegate.swift */,
				FEC960832550669700ED8758 /* Modules */,
				FEC960672550662D00ED8758 /* Main.storyboard */,
				FEC9606A2550663000ED8758 /* Assets.xcassets */,
				FEC9606C2550663000ED8758 /* LaunchScreen.storyboard */,
				FEC9606F2550663000ED8758 /* Info.plist */,
			);
			path = kWeather;
			sourceTree = "<group>";
		};
		FEC960772550663000ED8758 /* kWeatherTests */ = {
			isa = PBXGroup;
			children = (
				FEC960A8255069BF00ED8758 /* DarkSkyResponse.json */,
				FEC960782550663000ED8758 /* kWeatherTests.swift */,
				FEC960A62550697000ED8758 /* MockWeatherService.swift */,
				FEC9607A2550663000ED8758 /* Info.plist */,
			);
			path = kWeatherTests;
			sourceTree = "<group>";
		};
		FEC960832550669700ED8758 /* Modules */ = {
			isa = PBXGroup;
			children = (
				FEC96084255066AD00ED8758 /* Weather */,
			);
			path = Modules;
			sourceTree = "<group>";
		};
		FEC96084255066AD00ED8758 /* Weather */ = {
			isa = PBXGroup;
			children = (
				FEC96085255066B300ED8758 /* Services */,
				FEC9608F2550673100ED8758 /* Network */,
				FEC96098255067BF00ED8758 /* Models */,
				FEC9609D2550680D00ED8758 /* UserInterface */,
				FEC960C125507A4E00ED8758 /* Resources */,
			);
			path = Weather;
			sourceTree = "<group>";
		};
		FEC96085255066B300ED8758 /* Services */ = {
			isa = PBXGroup;
			children = (
				FEC96086255066BF00ED8758 /* Protocols */,
				FEC9608B2550670900ED8758 /* CoreLocationService.swift */,
				FEC9608D2550671A00ED8758 /* DarkSkyWeatherService.swift */,
			);
			path = Services;
			sourceTree = "<group>";
		};
		FEC96086255066BF00ED8758 /* Protocols */ = {
			isa = PBXGroup;
			children = (
				FEC96087255066CE00ED8758 /* LocationService.swift */,
				FEC96089255066DB00ED8758 /* WeatherService.swift */,
			);
			path = Protocols;
			sourceTree = "<group>";
		};
		FEC9608F2550673100ED8758 /* Network */ = {
			isa = PBXGroup;
			children = (
				FEC960902550674200ED8758 /* NetworkLibrary.swift */,
				FEC960922550677A00ED8758 /* Endpoints */,
			);
			path = Network;
			sourceTree = "<group>";
		};
		FEC960922550677A00ED8758 /* Endpoints */ = {
			isa = PBXGroup;
			children = (
				FEC960932550678200ED8758 /* Protocols */,
				FEC96096255067A600ED8758 /* DarkSkyEndpoint.swift */,
			);
			path = Endpoints;
			sourceTree = "<group>";
		};
		FEC960932550678200ED8758 /* Protocols */ = {
			isa = PBXGroup;
			children = (
				FEC960942550679000ED8758 /* Endpoint.swift */,
			);
			path = Protocols;
			sourceTree = "<group>";
		};
		FEC96098255067BF00ED8758 /* Models */ = {
			isa = PBXGroup;
			children = (
				FEC96099255067D600ED8758 /* WeatherForecast.swift */,
				FEC9609B255067F300ED8758 /* CurrentForecast.swift */,
			);
			path = Models;
			sourceTree = "<group>";
		};
		FEC9609D2550680D00ED8758 /* UserInterface */ = {
			isa = PBXGroup;
			children = (
				FEC9609E2550683C00ED8758 /* Protocols */,
				FEC9609F2550684300ED8758 /* View */,
				FEC960A02550684C00ED8758 /* Presenter */,
				FEC960A12550686500ED8758 /* Interactor */,
				FEC960A22550688000ED8758 /* Router */,
				FEC960A32550688A00ED8758 /* Configurator */,
			);
			path = UserInterface;
			sourceTree = "<group>";
		};
		FEC9609E2550683C00ED8758 /* Protocols */ = {
			isa = PBXGroup;
			children = (
				FEC960AD255075B200ED8758 /* WeatherHomePresenterToViewProtocol.swift */,
				FEC960AF255075C200ED8758 /* WeatherHomeViewToPresenterProtocol.swift */,
				FEC960B1255075CF00ED8758 /* WeatherHomePresenterToRouterProtocol.swift */,
				FEC960B3255075DC00ED8758 /* WeatherHomePresenterToInteractorProtocol.swift */,
				FEC960B5255075EA00ED8758 /* WeatherHomeInteractorToPresenterProtocol.swift */,
				FEC960B7255075F600ED8758 /* WeatherHomeConfigurable.swift */,
			);
			path = Protocols;
			sourceTree = "<group>";
		};
		FEC9609F2550684300ED8758 /* View */ = {
			isa = PBXGroup;
			children = (
				FEC960652550662D00ED8758 /* WeatherHomeViewController.swift */,
			);
			path = View;
			sourceTree = "<group>";
		};
		FEC960A02550684C00ED8758 /* Presenter */ = {
			isa = PBXGroup;
			children = (
				FEC960B92550769600ED8758 /* WeatherHomePresenter.swift */,
			);
			path = Presenter;
			sourceTree = "<group>";
		};
		FEC960A12550686500ED8758 /* Interactor */ = {
			isa = PBXGroup;
			children = (
				FEC960BB255076AA00ED8758 /* WeatherHomeInteractor.swift */,
			);
			path = Interactor;
			sourceTree = "<group>";
		};
		FEC960A22550688000ED8758 /* Router */ = {
			isa = PBXGroup;
			children = (
				FEC960BD255076B800ED8758 /* WeatherHomeRouter.swift */,
			);
			path = Router;
			sourceTree = "<group>";
		};
		FEC960A32550688A00ED8758 /* Configurator */ = {
			isa = PBXGroup;
			children = (
				FEC960BF255076C700ED8758 /* WeatherHomeConfigurator.swift */,
			);
			path = Configurator;
			sourceTree = "<group>";
		};
		FEC960C125507A4E00ED8758 /* Resources */ = {
			isa = PBXGroup;
			children = (
			);
			path = Resources;
			sourceTree = "<group>";
		};
/* End PBXGroup section */

/* Begin PBXNativeTarget section */
		FEC9605D2550662D00ED8758 /* kWeather */ = {
			isa = PBXNativeTarget;
			buildConfigurationList = FEC9607D2550663000ED8758 /* Build configuration list for PBXNativeTarget "kWeather" */;
			buildPhases = (
				FEC9605A2550662D00ED8758 /* Sources */,
				FEC9605B2550662D00ED8758 /* Frameworks */,
				FEC9605C2550662D00ED8758 /* Resources */,
			);
			buildRules = (
			);
			dependencies = (
			);
			name = kWeather;
			productName = kWeather;
			productReference = FEC9605E2550662D00ED8758 /* kWeather.app */;
			productType = "com.apple.product-type.application";
		};
		FEC960732550663000ED8758 /* kWeatherTests */ = {
			isa = PBXNativeTarget;
			buildConfigurationList = FEC960802550663000ED8758 /* Build configuration list for PBXNativeTarget "kWeatherTests" */;
			buildPhases = (
				FEC960702550663000ED8758 /* Sources */,
				FEC960712550663000ED8758 /* Frameworks */,
				FEC960722550663000ED8758 /* Resources */,
			);
			buildRules = (
			);
			dependencies = (
				FEC960762550663000ED8758 /* PBXTargetDependency */,
			);
			name = kWeatherTests;
			productName = kWeatherTests;
			productReference = FEC960742550663000ED8758 /* kWeatherTests.xctest */;
			productType = "com.apple.product-type.bundle.unit-test";
		};
/* End PBXNativeTarget section */

/* Begin PBXProject section */
		FEC960562550662D00ED8758 /* Project object */ = {
			isa = PBXProject;
			attributes = {
				LastSwiftUpdateCheck = 1160;
				LastUpgradeCheck = 1160;
				ORGANIZATIONNAME = aki;
				TargetAttributes = {
					FEC9605D2550662D00ED8758 = {
						CreatedOnToolsVersion = 11.6;
					};
					FEC960732550663000ED8758 = {
						CreatedOnToolsVersion = 11.6;
						TestTargetID = FEC9605D2550662D00ED8758;
					};
				};
			};
			buildConfigurationList = FEC960592550662D00ED8758 /* Build configuration list for PBXProject "kWeather" */;
			compatibilityVersion = "Xcode 9.3";
			developmentRegion = en;
			hasScannedForEncodings = 0;
			knownRegions = (
				en,
				Base,
			);
			mainGroup = FEC960552550662D00ED8758;
			productRefGroup = FEC9605F2550662D00ED8758 /* Products */;
			projectDirPath = "";
			projectRoot = "";
			targets = (
				FEC9605D2550662D00ED8758 /* kWeather */,
				FEC960732550663000ED8758 /* kWeatherTests */,
			);
		};
/* End PBXProject section */

/* Begin PBXResourcesBuildPhase section */
		FEC9605C2550662D00ED8758 /* Resources */ = {
			isa = PBXResourcesBuildPhase;
			buildActionMask = 2147483647;
			files = (
				FEC9606E2550663000ED8758 /* LaunchScreen.storyboard in Resources */,
				FEC9606B2550663000ED8758 /* Assets.xcassets in Resources */,
				FEC960692550662D00ED8758 /* Main.storyboard in Resources */,
			);
			runOnlyForDeploymentPostprocessing = 0;
		};
		FEC960722550663000ED8758 /* Resources */ = {
			isa = PBXResourcesBuildPhase;
			buildActionMask = 2147483647;
			files = (
				FEC960A9255069BF00ED8758 /* DarkSkyResponse.json in Resources */,
			);
			runOnlyForDeploymentPostprocessing = 0;
		};
/* End PBXResourcesBuildPhase section */

/* Begin PBXSourcesBuildPhase section */
		FEC9605A2550662D00ED8758 /* Sources */ = {
			isa = PBXSourcesBuildPhase;
			buildActionMask = 2147483647;
			files = (
				FEC960AE255075B200ED8758 /* WeatherHomePresenterToViewProtocol.swift in Sources */,
				FEC9608A255066DB00ED8758 /* WeatherService.swift in Sources */,
				FEC960B2255075CF00ED8758 /* WeatherHomePresenterToRouterProtocol.swift in Sources */,
				FEC960952550679000ED8758 /* Endpoint.swift in Sources */,
				FEC960C0255076C700ED8758 /* WeatherHomeConfigurator.swift in Sources */,
				FEC960B8255075F600ED8758 /* WeatherHomeConfigurable.swift in Sources */,
				FEC96097255067A600ED8758 /* DarkSkyEndpoint.swift in Sources */,
				FEC9608E2550671A00ED8758 /* DarkSkyWeatherService.swift in Sources */,
				FEC960662550662D00ED8758 /* WeatherHomeViewController.swift in Sources */,
				FEC960622550662D00ED8758 /* AppDelegate.swift in Sources */,
				FEC9608C2550670900ED8758 /* CoreLocationService.swift in Sources */,
				FEC96088255066CE00ED8758 /* LocationService.swift in Sources */,
				FEC960B4255075DC00ED8758 /* WeatherHomePresenterToInteractorProtocol.swift in Sources */,
				FEC960912550674200ED8758 /* NetworkLibrary.swift in Sources */,
				FEC960BE255076B800ED8758 /* WeatherHomeRouter.swift in Sources */,
				FEC960B0255075C200ED8758 /* WeatherHomeViewToPresenterProtocol.swift in Sources */,
				FEC960BC255076AA00ED8758 /* WeatherHomeInteractor.swift in Sources */,
				FEC960B6255075EA00ED8758 /* WeatherHomeInteractorToPresenterProtocol.swift in Sources */,
				FEC960BA2550769600ED8758 /* WeatherHomePresenter.swift in Sources */,
				FEC9609A255067D600ED8758 /* WeatherForecast.swift in Sources */,
				FEC9609C255067F300ED8758 /* CurrentForecast.swift in Sources */,
				FEC960642550662D00ED8758 /* SceneDelegate.swift in Sources */,
			);
			runOnlyForDeploymentPostprocessing = 0;
		};
		FEC960702550663000ED8758 /* Sources */ = {
			isa = PBXSourcesBuildPhase;
			buildActionMask = 2147483647;
			files = (
				FEC960A72550697000ED8758 /* MockWeatherService.swift in Sources */,
				FEC960AA255069FC00ED8758 /* WeatherService.swift in Sources */,
				FEC960792550663000ED8758 /* kWeatherTests.swift in Sources */,
				FEC960AB25506A4800ED8758 /* WeatherForecast.swift in Sources */,
				FEC960AC25506A4800ED8758 /* CurrentForecast.swift in Sources */,
			);
			runOnlyForDeploymentPostprocessing = 0;
		};
/* End PBXSourcesBuildPhase section */

/* Begin PBXTargetDependency section */
		FEC960762550663000ED8758 /* PBXTargetDependency */ = {
			isa = PBXTargetDependency;
			target = FEC9605D2550662D00ED8758 /* kWeather */;
			targetProxy = FEC960752550663000ED8758 /* PBXContainerItemProxy */;
		};
/* End PBXTargetDependency section */

/* Begin PBXVariantGroup section */
		FEC960672550662D00ED8758 /* Main.storyboard */ = {
			isa = PBXVariantGroup;
			children = (
				FEC960682550662D00ED8758 /* Base */,
			);
			name = Main.storyboard;
			sourceTree = "<group>";
		};
		FEC9606C2550663000ED8758 /* LaunchScreen.storyboard */ = {
			isa = PBXVariantGroup;
			children = (
				FEC9606D2550663000ED8758 /* Base */,
			);
			name = LaunchScreen.storyboard;
			sourceTree = "<group>";
		};
/* End PBXVariantGroup section */

/* Begin XCBuildConfiguration section */
		FEC9607B2550663000ED8758 /* Debug */ = {
			isa = XCBuildConfiguration;
			buildSettings = {
				ALWAYS_SEARCH_USER_PATHS = NO;
				CLANG_ANALYZER_NONNULL = YES;
				CLANG_ANALYZER_NUMBER_OBJECT_CONVERSION = YES_AGGRESSIVE;
				CLANG_CXX_LANGUAGE_STANDARD = "gnu++14";
				CLANG_CXX_LIBRARY = "libc++";
				CLANG_ENABLE_MODULES = YES;
				CLANG_ENABLE_OBJC_ARC = YES;
				CLANG_ENABLE_OBJC_WEAK = YES;
				CLANG_WARN_BLOCK_CAPTURE_AUTORELEASING = YES;
				CLANG_WARN_BOOL_CONVERSION = YES;
				CLANG_WARN_COMMA = YES;
				CLANG_WARN_CONSTANT_CONVERSION = YES;
				CLANG_WARN_DEPRECATED_OBJC_IMPLEMENTATIONS = YES;
				CLANG_WARN_DIRECT_OBJC_ISA_USAGE = YES_ERROR;
				CLANG_WARN_DOCUMENTATION_COMMENTS = YES;
				CLANG_WARN_EMPTY_BODY = YES;
				CLANG_WARN_ENUM_CONVERSION = YES;
				CLANG_WARN_INFINITE_RECURSION = YES;
				CLANG_WARN_INT_CONVERSION = YES;
				CLANG_WARN_NON_LITERAL_NULL_CONVERSION = YES;
				CLANG_WARN_OBJC_IMPLICIT_RETAIN_SELF = YES;
				CLANG_WARN_OBJC_LITERAL_CONVERSION = YES;
				CLANG_WARN_OBJC_ROOT_CLASS = YES_ERROR;
				CLANG_WARN_RANGE_LOOP_ANALYSIS = YES;
				CLANG_WARN_STRICT_PROTOTYPES = YES;
				CLANG_WARN_SUSPICIOUS_MOVE = YES;
				CLANG_WARN_UNGUARDED_AVAILABILITY = YES_AGGRESSIVE;
				CLANG_WARN_UNREACHABLE_CODE = YES;
				CLANG_WARN__DUPLICATE_METHOD_MATCH = YES;
				COPY_PHASE_STRIP = NO;
				DEBUG_INFORMATION_FORMAT = dwarf;
				ENABLE_STRICT_OBJC_MSGSEND = YES;
				ENABLE_TESTABILITY = YES;
				GCC_C_LANGUAGE_STANDARD = gnu11;
				GCC_DYNAMIC_NO_PIC = NO;
				GCC_NO_COMMON_BLOCKS = YES;
				GCC_OPTIMIZATION_LEVEL = 0;
				GCC_PREPROCESSOR_DEFINITIONS = (
					"DEBUG=1",
					"$(inherited)",
				);
				GCC_WARN_64_TO_32_BIT_CONVERSION = YES;
				GCC_WARN_ABOUT_RETURN_TYPE = YES_ERROR;
				GCC_WARN_UNDECLARED_SELECTOR = YES;
				GCC_WARN_UNINITIALIZED_AUTOS = YES_AGGRESSIVE;
				GCC_WARN_UNUSED_FUNCTION = YES;
				GCC_WARN_UNUSED_VARIABLE = YES;
				IPHONEOS_DEPLOYMENT_TARGET = 13.6;
				MTL_ENABLE_DEBUG_INFO = INCLUDE_SOURCE;
				MTL_FAST_MATH = YES;
				ONLY_ACTIVE_ARCH = YES;
				SDKROOT = iphoneos;
				SWIFT_ACTIVE_COMPILATION_CONDITIONS = DEBUG;
				SWIFT_OPTIMIZATION_LEVEL = "-Onone";
			};
			name = Debug;
		};
		FEC9607C2550663000ED8758 /* Release */ = {
			isa = XCBuildConfiguration;
			buildSettings = {
				ALWAYS_SEARCH_USER_PATHS = NO;
				CLANG_ANALYZER_NONNULL = YES;
				CLANG_ANALYZER_NUMBER_OBJECT_CONVERSION = YES_AGGRESSIVE;
				CLANG_CXX_LANGUAGE_STANDARD = "gnu++14";
				CLANG_CXX_LIBRARY = "libc++";
				CLANG_ENABLE_MODULES = YES;
				CLANG_ENABLE_OBJC_ARC = YES;
				CLANG_ENABLE_OBJC_WEAK = YES;
				CLANG_WARN_BLOCK_CAPTURE_AUTORELEASING = YES;
				CLANG_WARN_BOOL_CONVERSION = YES;
				CLANG_WARN_COMMA = YES;
				CLANG_WARN_CONSTANT_CONVERSION = YES;
				CLANG_WARN_DEPRECATED_OBJC_IMPLEMENTATIONS = YES;
				CLANG_WARN_DIRECT_OBJC_ISA_USAGE = YES_ERROR;
				CLANG_WARN_DOCUMENTATION_COMMENTS = YES;
				CLANG_WARN_EMPTY_BODY = YES;
				CLANG_WARN_ENUM_CONVERSION = YES;
				CLANG_WARN_INFINITE_RECURSION = YES;
				CLANG_WARN_INT_CONVERSION = YES;
				CLANG_WARN_NON_LITERAL_NULL_CONVERSION = YES;
				CLANG_WARN_OBJC_IMPLICIT_RETAIN_SELF = YES;
				CLANG_WARN_OBJC_LITERAL_CONVERSION = YES;
				CLANG_WARN_OBJC_ROOT_CLASS = YES_ERROR;
				CLANG_WARN_RANGE_LOOP_ANALYSIS = YES;
				CLANG_WARN_STRICT_PROTOTYPES = YES;
				CLANG_WARN_SUSPICIOUS_MOVE = YES;
				CLANG_WARN_UNGUARDED_AVAILABILITY = YES_AGGRESSIVE;
				CLANG_WARN_UNREACHABLE_CODE = YES;
				CLANG_WARN__DUPLICATE_METHOD_MATCH = YES;
				COPY_PHASE_STRIP = NO;
				DEBUG_INFORMATION_FORMAT = "dwarf-with-dsym";
				ENABLE_NS_ASSERTIONS = NO;
				ENABLE_STRICT_OBJC_MSGSEND = YES;
				GCC_C_LANGUAGE_STANDARD = gnu11;
				GCC_NO_COMMON_BLOCKS = YES;
				GCC_WARN_64_TO_32_BIT_CONVERSION = YES;
				GCC_WARN_ABOUT_RETURN_TYPE = YES_ERROR;
				GCC_WARN_UNDECLARED_SELECTOR = YES;
				GCC_WARN_UNINITIALIZED_AUTOS = YES_AGGRESSIVE;
				GCC_WARN_UNUSED_FUNCTION = YES;
				GCC_WARN_UNUSED_VARIABLE = YES;
				IPHONEOS_DEPLOYMENT_TARGET = 13.6;
				MTL_ENABLE_DEBUG_INFO = NO;
				MTL_FAST_MATH = YES;
				SDKROOT = iphoneos;
				SWIFT_COMPILATION_MODE = wholemodule;
				SWIFT_OPTIMIZATION_LEVEL = "-O";
				VALIDATE_PRODUCT = YES;
			};
			name = Release;
		};
		FEC9607E2550663000ED8758 /* Debug */ = {
			isa = XCBuildConfiguration;
			buildSettings = {
				ASSETCATALOG_COMPILER_APPICON_NAME = AppIcon;
				CODE_SIGN_STYLE = Automatic;
				INFOPLIST_FILE = kWeather/Info.plist;
				LD_RUNPATH_SEARCH_PATHS = (
					"$(inherited)",
					"@executable_path/Frameworks",
				);
				PRODUCT_BUNDLE_IDENTIFIER = aki.kWeather;
				PRODUCT_NAME = "$(TARGET_NAME)";
				SWIFT_VERSION = 5.0;
				TARGETED_DEVICE_FAMILY = "1,2";
			};
			name = Debug;
		};
		FEC9607F2550663000ED8758 /* Release */ = {
			isa = XCBuildConfiguration;
			buildSettings = {
				ASSETCATALOG_COMPILER_APPICON_NAME = AppIcon;
				CODE_SIGN_STYLE = Automatic;
				INFOPLIST_FILE = kWeather/Info.plist;
				LD_RUNPATH_SEARCH_PATHS = (
					"$(inherited)",
					"@executable_path/Frameworks",
				);
				PRODUCT_BUNDLE_IDENTIFIER = aki.kWeather;
				PRODUCT_NAME = "$(TARGET_NAME)";
				SWIFT_VERSION = 5.0;
				TARGETED_DEVICE_FAMILY = "1,2";
			};
			name = Release;
		};
		FEC960812550663000ED8758 /* Debug */ = {
			isa = XCBuildConfiguration;
			buildSettings = {
				ALWAYS_EMBED_SWIFT_STANDARD_LIBRARIES = YES;
				BUNDLE_LOADER = "$(TEST_HOST)";
				CODE_SIGN_STYLE = Automatic;
				INFOPLIST_FILE = kWeatherTests/Info.plist;
				IPHONEOS_DEPLOYMENT_TARGET = 13.6;
				LD_RUNPATH_SEARCH_PATHS = (
					"$(inherited)",
					"@executable_path/Frameworks",
					"@loader_path/Frameworks",
				);
				PRODUCT_BUNDLE_IDENTIFIER = aki.kWeatherTests;
				PRODUCT_NAME = "$(TARGET_NAME)";
				SWIFT_VERSION = 5.0;
				TARGETED_DEVICE_FAMILY = "1,2";
				TEST_HOST = "$(BUILT_PRODUCTS_DIR)/kWeather.app/kWeather";
			};
			name = Debug;
		};
		FEC960822550663000ED8758 /* Release */ = {
			isa = XCBuildConfiguration;
			buildSettings = {
				ALWAYS_EMBED_SWIFT_STANDARD_LIBRARIES = YES;
				BUNDLE_LOADER = "$(TEST_HOST)";
				CODE_SIGN_STYLE = Automatic;
				INFOPLIST_FILE = kWeatherTests/Info.plist;
				IPHONEOS_DEPLOYMENT_TARGET = 13.6;
				LD_RUNPATH_SEARCH_PATHS = (
					"$(inherited)",
					"@executable_path/Frameworks",
					"@loader_path/Frameworks",
				);
				PRODUCT_BUNDLE_IDENTIFIER = aki.kWeatherTests;
				PRODUCT_NAME = "$(TARGET_NAME)";
				SWIFT_VERSION = 5.0;
				TARGETED_DEVICE_FAMILY = "1,2";
				TEST_HOST = "$(BUILT_PRODUCTS_DIR)/kWeather.app/kWeather";
			};
			name = Release;
		};
/* End XCBuildConfiguration section */

/* Begin XCConfigurationList section */
		FEC960592550662D00ED8758 /* Build configuration list for PBXProject "kWeather" */ = {
			isa = XCConfigurationList;
			buildConfigurations = (
				FEC9607B2550663000ED8758 /* Debug */,
				FEC9607C2550663000ED8758 /* Release */,
			);
			defaultConfigurationIsVisible = 0;
			defaultConfigurationName = Release;
		};
		FEC9607D2550663000ED8758 /* Build configuration list for PBXNativeTarget "kWeather" */ = {
			isa = XCConfigurationList;
			buildConfigurations = (
				FEC9607E2550663000ED8758 /* Debug */,
				FEC9607F2550663000ED8758 /* Release */,
			);
			defaultConfigurationIsVisible = 0;
			defaultConfigurationName = Release;
		};
		FEC960802550663000ED8758 /* Build configuration list for PBXNativeTarget "kWeatherTests" */ = {
			isa = XCConfigurationList;
			buildConfigurations = (
				FEC960812550663000ED8758 /* Debug */,
				FEC960822550663000ED8758 /* Release */,
			);
			defaultConfigurationIsVisible = 0;
			defaultConfigurationName = Release;
		};
/* End XCConfigurationList section */
	};
	rootObject = FEC960562550662D00ED8758 /* Project object */;
}
